PODS:
  - Alamofire (3.1.5)
  - AlamofireImage (2.3.0):
    - Alamofire (~> 3.1)
  - PMKVObserver (1.0.4):
    - PMKVObserver/ObjC (= 1.0.4)
    - PMKVObserver/Swift (= 1.0.4)
  - PMKVObserver/ObjC (1.0.4)
  - PMKVObserver/Swift (1.0.4):
    - PMKVObserver/ObjC

DEPENDENCIES:
  - Alamofire (~> 3.1.2)
  - AlamofireImage (~> 2.0)
  - PMKVObserver

SPEC CHECKSUMS:
  Alamofire: 5f730ba29fd113b7ddd71c1e65d0c630acf5d7b0
  AlamofireImage: 4013fb5b99b10117bf2554a67b9bd2231d476b45
  PMKVObserver: 4cbd30edc518211aa18a927633bfe5f560cf464e

PODFILE CHECKSUM: 2aeb6f2a7ec543e44ed0acd1c38121861641b98f

COCOAPODS: 1.0.1
